
Microsoft Visual Studio Solution File, Format Version 12.00
# Visual Studio Version 17
VisualStudioVersion = 17.1.32210.238
MinimumVisualStudioVersion = 10.0.40219.1
Project("{FAE04EC0-301F-11D3-BF4B-00C04F79EFBC}") = "EsWeek7", "EsWeek7\EsWeek7.csproj", "{90EFC910-020A-4408-B878-25462FB73FAA}"
EndProject
Global
	GlobalSection(SolutionConfigurationPlatforms) = preSolution
		Debug|Any CPU = Debug|Any CPU
		Release|Any CPU = Release|Any CPU
	EndGlobalSection
	GlobalSection(ProjectConfigurationPlatforms) = postSolution
		{90EFC910-020A-4408-B878-25462FB73FAA}.Debug|Any CPU.ActiveCfg = Debug|Any CPU
		{90EFC910-020A-4408-B878-25462FB73FAA}.Debug|Any CPU.Build.0 = Debug|Any CPU
		{90EFC910-020A-4408-B878-25462FB73FAA}.Release|Any CPU.ActiveCfg = Release|Any CPU
		{90EFC910-020A-4408-B878-25462FB73FAA}.Release|Any CPU.Build.0 = Release|Any CPU
	EndGlobalSection
	GlobalSection(SolutionProperties) = preSolution
		HideSolutionNode = FALSE
	EndGlobalSection
	GlobalSection(ExtensibilityGlobals) = postSolution
		SolutionGuid = {2CC207D4-24BC-4C67-AB66-D608529C4EDE}
	EndGlobalSection
EndGlobal
